
Microsoft Visual Studio Solution File, Format Version 12.00
# Visual Studio Version 16
VisualStudioVersion = 16.0.30310.162
MinimumVisualStudioVersion = 10.0.40219.1
Project("{FAE04EC0-301F-11D3-BF4B-00C04F79EFBC}") = "RuralBishop", "RuralBishop.csproj", "{FE4414D9-1D7E-4EEB-B781-D278FE7A5619}"
EndProject
Global
	GlobalSection(SolutionConfigurationPlatforms) = preSolution
		Debug|Any CPU = Debug|Any CPU
		Debug|x64 = Debug|x64
		Release|Any CPU = Release|Any CPU
		Release|x64 = Release|x64
	EndGlobalSection
	GlobalSection(ProjectConfigurationPlatforms) = postSolution
		{FE4414D9-1D7E-4EEB-B781-D278FE7A5619}.Debug|Any CPU.ActiveCfg = Debug|Any CPU
		{FE4414D9-1D7E-4EEB-B781-D278FE7A5619}.Debug|Any CPU.Build.0 = Debug|Any CPU
		{FE4414D9-1D7E-4EEB-B781-D278FE7A5619}.Debug|x64.ActiveCfg = Debug|Any CPU
		{FE4414D9-1D7E-4EEB-B781-D278FE7A5619}.Debug|x64.Build.0 = Debug|Any CPU
		{FE4414D9-1D7E-4EEB-B781-D278FE7A5619}.Release|Any CPU.ActiveCfg = Release|Any CPU
		{FE4414D9-1D7E-4EEB-B781-D278FE7A5619}.Release|Any CPU.Build.0 = Release|Any CPU
		{FE4414D9-1D7E-4EEB-B781-D278FE7A5619}.Release|x64.ActiveCfg = Release|Any CPU
		{FE4414D9-1D7E-4EEB-B781-D278FE7A5619}.Release|x64.Build.0 = Release|Any CPU
	EndGlobalSection
	GlobalSection(SolutionProperties) = preSolution
		HideSolutionNode = FALSE
	EndGlobalSection
	GlobalSection(ExtensibilityGlobals) = postSolution
		SolutionGuid = {72F778B7-E139-4224-9CDE-213F3650CCDD}
	EndGlobalSection
EndGlobal
